
Microsoft Visual Studio Solution File, Format Version 12.00
# Visual Studio Version 16
VisualStudioVersion = 16.0.30621.155
MinimumVisualStudioVersion = 10.0.40219.1
Project("{2150E333-8FDC-42A3-9474-1A3956D46DE8}") = "00X", "00X", "{E06A3FB5-17A5-4892-B370-BB3C30DAE169}"
EndProject
Project("{9A19103F-16F7-4668-BE54-9A1E7A4F7556}") = "p.001", "00X\p.001\p.001.csproj", "{0EAFABD0-2306-4147-BDD0-EAFBCC0957D5}"
EndProject
Project("{9A19103F-16F7-4668-BE54-9A1E7A4F7556}") = "p.002", "00X\p.002\p.002.csproj", "{7ADFDB3F-FE3B-41F3-855B-2E991EE57DDB}"
EndProject
Project("{9A19103F-16F7-4668-BE54-9A1E7A4F7556}") = "p.003", "00X\p.003\p.003.csproj", "{25C9E47F-02FC-41D9-ACBE-02999C0167B2}"
EndProject
Project("{9A19103F-16F7-4668-BE54-9A1E7A4F7556}") = "p.004", "00X\p.004\p.004.csproj", "{6BC96B1F-04D6-4097-B10E-735FC1EEF2F9}"
EndProject
Project("{9A19103F-16F7-4668-BE54-9A1E7A4F7556}") = "p.005", "00X\p.005\p.005.csproj", "{C14F07BC-60AC-4332-A636-0DAD58B6C7F3}"
EndProject
Project("{9A19103F-16F7-4668-BE54-9A1E7A4F7556}") = "p.006", "00X\p.006\p.006.csproj", "{9E8C4135-3D73-453E-8BDC-31214A23B8F2}"
EndProject
Project("{9A19103F-16F7-4668-BE54-9A1E7A4F7556}") = "p.007", "00X\p.007\p.007.csproj", "{C04EC567-C207-4CFA-B1F6-25A54DC3BE9E}"
EndProject
Project("{9A19103F-16F7-4668-BE54-9A1E7A4F7556}") = "p.008", "00X\p.008\p.008.csproj", "{FD9403C8-0379-4153-A7C6-09FD8F4F02FE}"
EndProject
Project("{9A19103F-16F7-4668-BE54-9A1E7A4F7556}") = "p.009", "00X\p.009\p.009.csproj", "{DE2AED93-BB7B-40C8-BDFB-8EB53028C377}"
EndProject
Project("{2150E333-8FDC-42A3-9474-1A3956D46DE8}") = "01X", "01X", "{84AB8ABC-89DE-4906-A8DF-89748CA7264C}"
EndProject
Project("{9A19103F-16F7-4668-BE54-9A1E7A4F7556}") = "p.010", "01X\p.010\p.010.csproj", "{934E1D60-05C2-400D-B79D-7D4A05244959}"
EndProject
Project("{9A19103F-16F7-4668-BE54-9A1E7A4F7556}") = "p.011", "01X\p.011\p.011.csproj", "{3469DB0C-7913-4C5B-B2DD-CE15A993BDF4}"
EndProject
Project("{FAE04EC0-301F-11D3-BF4B-00C04F79EFBC}") = "p.012", "01X\p.012\p.012.csproj", "{B3DAEAE7-0A39-4A81-A713-CBE03A715069}"
EndProject
Global
	GlobalSection(SolutionConfigurationPlatforms) = preSolution
		Debug|Any CPU = Debug|Any CPU
		Release|Any CPU = Release|Any CPU
	EndGlobalSection
	GlobalSection(ProjectConfigurationPlatforms) = postSolution
		{0EAFABD0-2306-4147-BDD0-EAFBCC0957D5}.Debug|Any CPU.ActiveCfg = Debug|Any CPU
		{0EAFABD0-2306-4147-BDD0-EAFBCC0957D5}.Debug|Any CPU.Build.0 = Debug|Any CPU
		{0EAFABD0-2306-4147-BDD0-EAFBCC0957D5}.Release|Any CPU.ActiveCfg = Release|Any CPU
		{0EAFABD0-2306-4147-BDD0-EAFBCC0957D5}.Release|Any CPU.Build.0 = Release|Any CPU
		{7ADFDB3F-FE3B-41F3-855B-2E991EE57DDB}.Debug|Any CPU.ActiveCfg = Debug|Any CPU
		{7ADFDB3F-FE3B-41F3-855B-2E991EE57DDB}.Debug|Any CPU.Build.0 = Debug|Any CPU
		{7ADFDB3F-FE3B-41F3-855B-2E991EE57DDB}.Release|Any CPU.ActiveCfg = Release|Any CPU
		{7ADFDB3F-FE3B-41F3-855B-2E991EE57DDB}.Release|Any CPU.Build.0 = Release|Any CPU
		{25C9E47F-02FC-41D9-ACBE-02999C0167B2}.Debug|Any CPU.ActiveCfg = Debug|Any CPU
		{25C9E47F-02FC-41D9-ACBE-02999C0167B2}.Debug|Any CPU.Build.0 = Debug|Any CPU
		{25C9E47F-02FC-41D9-ACBE-02999C0167B2}.Release|Any CPU.ActiveCfg = Release|Any CPU
		{25C9E47F-02FC-41D9-ACBE-02999C0167B2}.Release|Any CPU.Build.0 = Release|Any CPU
		{6BC96B1F-04D6-4097-B10E-735FC1EEF2F9}.Debug|Any CPU.ActiveCfg = Debug|Any CPU
		{6BC96B1F-04D6-4097-B10E-735FC1EEF2F9}.Debug|Any CPU.Build.0 = Debug|Any CPU
		{6BC96B1F-04D6-4097-B10E-735FC1EEF2F9}.Release|Any CPU.ActiveCfg = Release|Any CPU
		{6BC96B1F-04D6-4097-B10E-735FC1EEF2F9}.Release|Any CPU.Build.0 = Release|Any CPU
		{C14F07BC-60AC-4332-A636-0DAD58B6C7F3}.Debug|Any CPU.ActiveCfg = Debug|Any CPU
		{C14F07BC-60AC-4332-A636-0DAD58B6C7F3}.Debug|Any CPU.Build.0 = Debug|Any CPU
		{C14F07BC-60AC-4332-A636-0DAD58B6C7F3}.Release|Any CPU.ActiveCfg = Release|Any CPU
		{C14F07BC-60AC-4332-A636-0DAD58B6C7F3}.Release|Any CPU.Build.0 = Release|Any CPU
		{9E8C4135-3D73-453E-8BDC-31214A23B8F2}.Debug|Any CPU.ActiveCfg = Debug|Any CPU
		{9E8C4135-3D73-453E-8BDC-31214A23B8F2}.Debug|Any CPU.Build.0 = Debug|Any CPU
		{9E8C4135-3D73-453E-8BDC-31214A23B8F2}.Release|Any CPU.ActiveCfg = Release|Any CPU
		{9E8C4135-3D73-453E-8BDC-31214A23B8F2}.Release|Any CPU.Build.0 = Release|Any CPU
		{C04EC567-C207-4CFA-B1F6-25A54DC3BE9E}.Debug|Any CPU.ActiveCfg = Debug|Any CPU
		{C04EC567-C207-4CFA-B1F6-25A54DC3BE9E}.Debug|Any CPU.Build.0 = Debug|Any CPU
		{C04EC567-C207-4CFA-B1F6-25A54DC3BE9E}.Release|Any CPU.ActiveCfg = Release|Any CPU
		{C04EC567-C207-4CFA-B1F6-25A54DC3BE9E}.Release|Any CPU.Build.0 = Release|Any CPU
		{FD9403C8-0379-4153-A7C6-09FD8F4F02FE}.Debug|Any CPU.ActiveCfg = Debug|Any CPU
		{FD9403C8-0379-4153-A7C6-09FD8F4F02FE}.Debug|Any CPU.Build.0 = Debug|Any CPU
		{FD9403C8-0379-4153-A7C6-09FD8F4F02FE}.Release|Any CPU.ActiveCfg = Release|Any CPU
		{FD9403C8-0379-4153-A7C6-09FD8F4F02FE}.Release|Any CPU.Build.0 = Release|Any CPU
		{DE2AED93-BB7B-40C8-BDFB-8EB53028C377}.Debug|Any CPU.ActiveCfg = Debug|Any CPU
		{DE2AED93-BB7B-40C8-BDFB-8EB53028C377}.Debug|Any CPU.Build.0 = Debug|Any CPU
		{DE2AED93-BB7B-40C8-BDFB-8EB53028C377}.Release|Any CPU.ActiveCfg = Release|Any CPU
		{DE2AED93-BB7B-40C8-BDFB-8EB53028C377}.Release|Any CPU.Build.0 = Release|Any CPU
		{934E1D60-05C2-400D-B79D-7D4A05244959}.Debug|Any CPU.ActiveCfg = Debug|Any CPU
		{934E1D60-05C2-400D-B79D-7D4A05244959}.Debug|Any CPU.Build.0 = Debug|Any CPU
		{934E1D60-05C2-400D-B79D-7D4A05244959}.Release|Any CPU.ActiveCfg = Release|Any CPU
		{934E1D60-05C2-400D-B79D-7D4A05244959}.Release|Any CPU.Build.0 = Release|Any CPU
		{3469DB0C-7913-4C5B-B2DD-CE15A993BDF4}.Debug|Any CPU.ActiveCfg = Debug|Any CPU
		{3469DB0C-7913-4C5B-B2DD-CE15A993BDF4}.Debug|Any CPU.Build.0 = Debug|Any CPU
		{3469DB0C-7913-4C5B-B2DD-CE15A993BDF4}.Release|Any CPU.ActiveCfg = Release|Any CPU
		{3469DB0C-7913-4C5B-B2DD-CE15A993BDF4}.Release|Any CPU.Build.0 = Release|Any CPU
		{B3DAEAE7-0A39-4A81-A713-CBE03A715069}.Debug|Any CPU.ActiveCfg = Debug|Any CPU
		{B3DAEAE7-0A39-4A81-A713-CBE03A715069}.Debug|Any CPU.Build.0 = Debug|Any CPU
		{B3DAEAE7-0A39-4A81-A713-CBE03A715069}.Release|Any CPU.ActiveCfg = Release|Any CPU
		{B3DAEAE7-0A39-4A81-A713-CBE03A715069}.Release|Any CPU.Build.0 = Release|Any CPU
	EndGlobalSection
	GlobalSection(SolutionProperties) = preSolution
		HideSolutionNode = FALSE
	EndGlobalSection
	GlobalSection(NestedProjects) = preSolution
		{0EAFABD0-2306-4147-BDD0-EAFBCC0957D5} = {E06A3FB5-17A5-4892-B370-BB3C30DAE169}
		{7ADFDB3F-FE3B-41F3-855B-2E991EE57DDB} = {E06A3FB5-17A5-4892-B370-BB3C30DAE169}
		{25C9E47F-02FC-41D9-ACBE-02999C0167B2} = {E06A3FB5-17A5-4892-B370-BB3C30DAE169}
		{6BC96B1F-04D6-4097-B10E-735FC1EEF2F9} = {E06A3FB5-17A5-4892-B370-BB3C30DAE169}
		{C14F07BC-60AC-4332-A636-0DAD58B6C7F3} = {E06A3FB5-17A5-4892-B370-BB3C30DAE169}
		{9E8C4135-3D73-453E-8BDC-31214A23B8F2} = {E06A3FB5-17A5-4892-B370-BB3C30DAE169}
		{C04EC567-C207-4CFA-B1F6-25A54DC3BE9E} = {E06A3FB5-17A5-4892-B370-BB3C30DAE169}
		{FD9403C8-0379-4153-A7C6-09FD8F4F02FE} = {E06A3FB5-17A5-4892-B370-BB3C30DAE169}
		{DE2AED93-BB7B-40C8-BDFB-8EB53028C377} = {E06A3FB5-17A5-4892-B370-BB3C30DAE169}
		{934E1D60-05C2-400D-B79D-7D4A05244959} = {84AB8ABC-89DE-4906-A8DF-89748CA7264C}
		{3469DB0C-7913-4C5B-B2DD-CE15A993BDF4} = {84AB8ABC-89DE-4906-A8DF-89748CA7264C}
		{B3DAEAE7-0A39-4A81-A713-CBE03A715069} = {84AB8ABC-89DE-4906-A8DF-89748CA7264C}
	EndGlobalSection
	GlobalSection(ExtensibilityGlobals) = postSolution
		SolutionGuid = {01703D33-B3DF-461B-ADDB-64B3F5731EFA}
	EndGlobalSection
EndGlobal
